
Microsoft Visual Studio Solution File, Format Version 12.00
# Visual Studio 15
VisualStudioVersion = 15.0.26730.3
MinimumVisualStudioVersion = 10.0.40219.1
Project("{FAE04EC0-301F-11D3-BF4B-00C04F79EFBC}") = "ASPKnowledgeBase", "ASPKnowledgeBase\ASPKnowledgeBase.csproj", "{4AD63941-2B18-48FC-B48F-D5617B1CBDF4}"
EndProject
Project("{FAE04EC0-301F-11D3-BF4B-00C04F79EFBC}") = "DataAccess", "DataAccess\DataAccess.csproj", "{36D6C37F-BE5E-4FC2-8CD0-C7D1DC81596A}"
EndProject
Project("{FAE04EC0-301F-11D3-BF4B-00C04F79EFBC}") = "Services", "Services\Services.csproj", "{7A2622C8-FB42-4DAF-8830-B30FA2348F41}"
EndProject
Global
	GlobalSection(SolutionConfigurationPlatforms) = preSolution
		Debug|Any CPU = Debug|Any CPU
		Release|Any CPU = Release|Any CPU
	EndGlobalSection
	GlobalSection(ProjectConfigurationPlatforms) = postSolution
		{4AD63941-2B18-48FC-B48F-D5617B1CBDF4}.Debug|Any CPU.ActiveCfg = Debug|Any CPU
		{4AD63941-2B18-48FC-B48F-D5617B1CBDF4}.Debug|Any CPU.Build.0 = Debug|Any CPU
		{4AD63941-2B18-48FC-B48F-D5617B1CBDF4}.Release|Any CPU.ActiveCfg = Release|Any CPU
		{4AD63941-2B18-48FC-B48F-D5617B1CBDF4}.Release|Any CPU.Build.0 = Release|Any CPU
		{36D6C37F-BE5E-4FC2-8CD0-C7D1DC81596A}.Debug|Any CPU.ActiveCfg = Debug|Any CPU
		{36D6C37F-BE5E-4FC2-8CD0-C7D1DC81596A}.Debug|Any CPU.Build.0 = Debug|Any CPU
		{36D6C37F-BE5E-4FC2-8CD0-C7D1DC81596A}.Release|Any CPU.ActiveCfg = Release|Any CPU
		{36D6C37F-BE5E-4FC2-8CD0-C7D1DC81596A}.Release|Any CPU.Build.0 = Release|Any CPU
		{7A2622C8-FB42-4DAF-8830-B30FA2348F41}.Debug|Any CPU.ActiveCfg = Debug|Any CPU
		{7A2622C8-FB42-4DAF-8830-B30FA2348F41}.Debug|Any CPU.Build.0 = Debug|Any CPU
		{7A2622C8-FB42-4DAF-8830-B30FA2348F41}.Release|Any CPU.ActiveCfg = Release|Any CPU
		{7A2622C8-FB42-4DAF-8830-B30FA2348F41}.Release|Any CPU.Build.0 = Release|Any CPU
	EndGlobalSection
	GlobalSection(SolutionProperties) = preSolution
		HideSolutionNode = FALSE
	EndGlobalSection
	GlobalSection(ExtensibilityGlobals) = postSolution
		SolutionGuid = {C07FD9F6-C436-488A-AFC3-37C9F0D4AD7C}
	EndGlobalSection
EndGlobal
